// !$*UTF8*$!
{
	archiveVersion = 1;
	classes = {
	};
	objectVersion = 46;
	objects = {

/* Begin PBXBuildFile section */
		52AB4F9E1923E1B400753337 /* SFSyncer.m in Sources */ = {isa = PBXBuildFile; fileRef = 52AB4F9D1923E1B400753337 /* SFSyncer.m */; };
		52AB4FA11923E1E500753337 /* SFNotifications.m in Sources */ = {isa = PBXBuildFile; fileRef = 52AB4FA01923E1E500753337 /* SFNotifications.m */; };
		52AB4FA51923E23C00753337 /* SFItem.m in Sources */ = {isa = PBXBuildFile; fileRef = 52AB4FA41923E23C00753337 /* SFItem.m */; };
		52AB4FA81923E28700753337 /* SFBusinessHandler.m in Sources */ = {isa = PBXBuildFile; fileRef = 52AB4FA71923E28700753337 /* SFBusinessHandler.m */; };
		52B3C24B1923888500363E60 /* Foundation.framework in Frameworks */ = {isa = PBXBuildFile; fileRef = 52B3C24A1923888500363E60 /* Foundation.framework */; };
		52B3C24D1923888500363E60 /* CoreGraphics.framework in Frameworks */ = {isa = PBXBuildFile; fileRef = 52B3C24C1923888500363E60 /* CoreGraphics.framework */; };
		52B3C24F1923888500363E60 /* UIKit.framework in Frameworks */ = {isa = PBXBuildFile; fileRef = 52B3C24E1923888500363E60 /* UIKit.framework */; };
		52B3C2551923888500363E60 /* InfoPlist.strings in Resources */ = {isa = PBXBuildFile; fileRef = 52B3C2531923888500363E60 /* InfoPlist.strings */; };
		52B3C2571923888500363E60 /* main.m in Sources */ = {isa = PBXBuildFile; fileRef = 52B3C2561923888500363E60 /* main.m */; };
		52B3C25B1923888500363E60 /* SFAppDelegate.m in Sources */ = {isa = PBXBuildFile; fileRef = 52B3C25A1923888500363E60 /* SFAppDelegate.m */; };
		52B3C25E1923888500363E60 /* Main.storyboard in Resources */ = {isa = PBXBuildFile; fileRef = 52B3C25C1923888500363E60 /* Main.storyboard */; };
		52B3C2611923888500363E60 /* SFViewController.m in Sources */ = {isa = PBXBuildFile; fileRef = 52B3C2601923888500363E60 /* SFViewController.m */; };
		52B3C2631923888500363E60 /* Images.xcassets in Resources */ = {isa = PBXBuildFile; fileRef = 52B3C2621923888500363E60 /* Images.xcassets */; };
		52B3C26A1923888500363E60 /* XCTest.framework in Frameworks */ = {isa = PBXBuildFile; fileRef = 52B3C2691923888500363E60 /* XCTest.framework */; };
		52B3C26B1923888500363E60 /* Foundation.framework in Frameworks */ = {isa = PBXBuildFile; fileRef = 52B3C24A1923888500363E60 /* Foundation.framework */; };
		52B3C26C1923888500363E60 /* UIKit.framework in Frameworks */ = {isa = PBXBuildFile; fileRef = 52B3C24E1923888500363E60 /* UIKit.framework */; };
		52B3C2741923888500363E60 /* InfoPlist.strings in Resources */ = {isa = PBXBuildFile; fileRef = 52B3C2721923888500363E60 /* InfoPlist.strings */; };
		52B3C2761923888500363E60 /* SocialFeederTests.m in Sources */ = {isa = PBXBuildFile; fileRef = 52B3C2751923888500363E60 /* SocialFeederTests.m */; };
		52D3E576192499020088828F /* SFItunesParser.m in Sources */ = {isa = PBXBuildFile; fileRef = 52D3E575192499020088828F /* SFItunesParser.m */; };
		52D3E57C1924C3860088828F /* SFNYTimesParser.m in Sources */ = {isa = PBXBuildFile; fileRef = 52D3E57B1924C3860088828F /* SFNYTimesParser.m */; };
		52D3E57F1924C3AC0088828F /* SFFeedParser.m in Sources */ = {isa = PBXBuildFile; fileRef = 52D3E57E1924C3AC0088828F /* SFFeedParser.m */; };
		52D3E5821924E5C20088828F /* SFFourSquareVeneuesParser.m in Sources */ = {isa = PBXBuildFile; fileRef = 52D3E5811924E5C20088828F /* SFFourSquareVeneuesParser.m */; };
		52D3E5851924E6010088828F /* SFFourSquareVenueItem.m in Sources */ = {isa = PBXBuildFile; fileRef = 52D3E5841924E6010088828F /* SFFourSquareVenueItem.m */; };
		B74DDC1992B44B4688CC3016 /* libPods.a in Frameworks */ = {isa = PBXBuildFile; fileRef = 45489AEEF354448C9D37D2EB /* libPods.a */; };
/* End PBXBuildFile section */

/* Begin PBXContainerItemProxy section */
		52B3C26D1923888500363E60 /* PBXContainerItemProxy */ = {
			isa = PBXContainerItemProxy;
			containerPortal = 52B3C23F1923888500363E60 /* Project object */;
			proxyType = 1;
			remoteGlobalIDString = 52B3C2461923888500363E60;
			remoteInfo = SocialFeeder;
		};
/* End PBXContainerItemProxy section */

/* Begin PBXFileReference section */
		45489AEEF354448C9D37D2EB /* libPods.a */ = {isa = PBXFileReference; explicitFileType = archive.ar; includeInIndex = 0; path = libPods.a; sourceTree = BUILT_PRODUCTS_DIR; };
		52AB4F9C1923E1B400753337 /* SFSyncer.h */ = {isa = PBXFileReference; fileEncoding = 4; lastKnownFileType = sourcecode.c.h; path = SFSyncer.h; sourceTree = "<group>"; };
		52AB4F9D1923E1B400753337 /* SFSyncer.m */ = {isa = PBXFileReference; fileEncoding = 4; lastKnownFileType = sourcecode.c.objc; path = SFSyncer.m; sourceTree = "<group>"; };
		52AB4F9F1923E1E500753337 /* SFNotifications.h */ = {isa = PBXFileReference; fileEncoding = 4; lastKnownFileType = sourcecode.c.h; path = SFNotifications.h; sourceTree = "<group>"; };
		52AB4FA01923E1E500753337 /* SFNotifications.m */ = {isa = PBXFileReference; fileEncoding = 4; lastKnownFileType = sourcecode.c.objc; path = SFNotifications.m; sourceTree = "<group>"; };
		52AB4FA31923E23C00753337 /* SFItem.h */ = {isa = PBXFileReference; fileEncoding = 4; lastKnownFileType = sourcecode.c.h; path = SFItem.h; sourceTree = "<group>"; };
		52AB4FA41923E23C00753337 /* SFItem.m */ = {isa = PBXFileReference; fileEncoding = 4; lastKnownFileType = sourcecode.c.objc; path = SFItem.m; sourceTree = "<group>"; };
		52AB4FA61923E28700753337 /* SFBusinessHandler.h */ = {isa = PBXFileReference; fileEncoding = 4; lastKnownFileType = sourcecode.c.h; path = SFBusinessHandler.h; sourceTree = "<group>"; };
		52AB4FA71923E28700753337 /* SFBusinessHandler.m */ = {isa = PBXFileReference; fileEncoding = 4; lastKnownFileType = sourcecode.c.objc; path = SFBusinessHandler.m; sourceTree = "<group>"; };
		52AB4FA91923F18000753337 /* SFConstants.h */ = {isa = PBXFileReference; fileEncoding = 4; lastKnownFileType = sourcecode.c.h; path = SFConstants.h; sourceTree = "<group>"; };
		52B3C2471923888500363E60 /* SocialFeeder.app */ = {isa = PBXFileReference; explicitFileType = wrapper.application; includeInIndex = 0; path = SocialFeeder.app; sourceTree = BUILT_PRODUCTS_DIR; };
		52B3C24A1923888500363E60 /* Foundation.framework */ = {isa = PBXFileReference; lastKnownFileType = wrapper.framework; name = Foundation.framework; path = System/Library/Frameworks/Foundation.framework; sourceTree = SDKROOT; };
		52B3C24C1923888500363E60 /* CoreGraphics.framework */ = {isa = PBXFileReference; lastKnownFileType = wrapper.framework; name = CoreGraphics.framework; path = System/Library/Frameworks/CoreGraphics.framework; sourceTree = SDKROOT; };
		52B3C24E1923888500363E60 /* UIKit.framework */ = {isa = PBXFileReference; lastKnownFileType = wrapper.framework; name = UIKit.framework; path = System/Library/Frameworks/UIKit.framework; sourceTree = SDKROOT; };
		52B3C2521923888500363E60 /* SocialFeeder-Info.plist */ = {isa = PBXFileReference; lastKnownFileType = text.plist.xml; path = "SocialFeeder-Info.plist"; sourceTree = "<group>"; };
		52B3C2541923888500363E60 /* en */ = {isa = PBXFileReference; lastKnownFileType = text.plist.strings; name = en; path = en.lproj/InfoPlist.strings; sourceTree = "<group>"; };
		52B3C2561923888500363E60 /* main.m */ = {isa = PBXFileReference; lastKnownFileType = sourcecode.c.objc; path = main.m; sourceTree = "<group>"; };
		52B3C2581923888500363E60 /* SocialFeeder-Prefix.pch */ = {isa = PBXFileReference; lastKnownFileType = sourcecode.c.h; path = "SocialFeeder-Prefix.pch"; sourceTree = "<group>"; };
		52B3C2591923888500363E60 /* SFAppDelegate.h */ = {isa = PBXFileReference; lastKnownFileType = sourcecode.c.h; path = SFAppDelegate.h; sourceTree = "<group>"; };
		52B3C25A1923888500363E60 /* SFAppDelegate.m */ = {isa = PBXFileReference; lastKnownFileType = sourcecode.c.objc; path = SFAppDelegate.m; sourceTree = "<group>"; };
		52B3C25D1923888500363E60 /* Base */ = {isa = PBXFileReference; lastKnownFileType = file.storyboard; name = Base; path = Base.lproj/Main.storyboard; sourceTree = "<group>"; };
		52B3C25F1923888500363E60 /* SFViewController.h */ = {isa = PBXFileReference; lastKnownFileType = sourcecode.c.h; path = SFViewController.h; sourceTree = "<group>"; };
		52B3C2601923888500363E60 /* SFViewController.m */ = {isa = PBXFileReference; lastKnownFileType = sourcecode.c.objc; path = SFViewController.m; sourceTree = "<group>"; };
		52B3C2621923888500363E60 /* Images.xcassets */ = {isa = PBXFileReference; lastKnownFileType = folder.assetcatalog; path = Images.xcassets; sourceTree = "<group>"; };
		52B3C2681923888500363E60 /* SocialFeederTests.xctest */ = {isa = PBXFileReference; explicitFileType = wrapper.cfbundle; includeInIndex = 0; path = SocialFeederTests.xctest; sourceTree = BUILT_PRODUCTS_DIR; };
		52B3C2691923888500363E60 /* XCTest.framework */ = {isa = PBXFileReference; lastKnownFileType = wrapper.framework; name = XCTest.framework; path = Library/Frameworks/XCTest.framework; sourceTree = DEVELOPER_DIR; };
		52B3C2711923888500363E60 /* SocialFeederTests-Info.plist */ = {isa = PBXFileReference; lastKnownFileType = text.plist.xml; path = "SocialFeederTests-Info.plist"; sourceTree = "<group>"; };
		52B3C2731923888500363E60 /* en */ = {isa = PBXFileReference; lastKnownFileType = text.plist.strings; name = en; path = en.lproj/InfoPlist.strings; sourceTree = "<group>"; };
		52B3C2751923888500363E60 /* SocialFeederTests.m */ = {isa = PBXFileReference; lastKnownFileType = sourcecode.c.objc; path = SocialFeederTests.m; sourceTree = "<group>"; };
		52D3E574192499020088828F /* SFItunesParser.h */ = {isa = PBXFileReference; fileEncoding = 4; lastKnownFileType = sourcecode.c.h; path = SFItunesParser.h; sourceTree = "<group>"; };
		52D3E575192499020088828F /* SFItunesParser.m */ = {isa = PBXFileReference; fileEncoding = 4; lastKnownFileType = sourcecode.c.objc; path = SFItunesParser.m; sourceTree = "<group>"; };
		52D3E57A1924C3860088828F /* SFNYTimesParser.h */ = {isa = PBXFileReference; fileEncoding = 4; lastKnownFileType = sourcecode.c.h; path = SFNYTimesParser.h; sourceTree = "<group>"; };
		52D3E57B1924C3860088828F /* SFNYTimesParser.m */ = {isa = PBXFileReference; fileEncoding = 4; lastKnownFileType = sourcecode.c.objc; path = SFNYTimesParser.m; sourceTree = "<group>"; };
		52D3E57D1924C3AC0088828F /* SFFeedParser.h */ = {isa = PBXFileReference; fileEncoding = 4; lastKnownFileType = sourcecode.c.h; path = SFFeedParser.h; sourceTree = "<group>"; };
		52D3E57E1924C3AC0088828F /* SFFeedParser.m */ = {isa = PBXFileReference; fileEncoding = 4; lastKnownFileType = sourcecode.c.objc; path = SFFeedParser.m; sourceTree = "<group>"; };
		52D3E5801924E5C20088828F /* SFFourSquareVeneuesParser.h */ = {isa = PBXFileReference; fileEncoding = 4; lastKnownFileType = sourcecode.c.h; path = SFFourSquareVeneuesParser.h; sourceTree = "<group>"; };
		52D3E5811924E5C20088828F /* SFFourSquareVeneuesParser.m */ = {isa = PBXFileReference; fileEncoding = 4; lastKnownFileType = sourcecode.c.objc; path = SFFourSquareVeneuesParser.m; sourceTree = "<group>"; };
		52D3E5831924E6010088828F /* SFFourSquareVenueItem.h */ = {isa = PBXFileReference; fileEncoding = 4; lastKnownFileType = sourcecode.c.h; path = SFFourSquareVenueItem.h; sourceTree = "<group>"; };
		52D3E5841924E6010088828F /* SFFourSquareVenueItem.m */ = {isa = PBXFileReference; fileEncoding = 4; lastKnownFileType = sourcecode.c.objc; path = SFFourSquareVenueItem.m; sourceTree = "<group>"; };
		79737C3E576548028B1C2C97 /* Pods.xcconfig */ = {isa = PBXFileReference; includeInIndex = 1; lastKnownFileType = text.xcconfig; name = Pods.xcconfig; path = Pods/Pods.xcconfig; sourceTree = "<group>"; };
/* End PBXFileReference section */

/* Begin PBXFrameworksBuildPhase section */
		52B3C2441923888500363E60 /* Frameworks */ = {
			isa = PBXFrameworksBuildPhase;
			buildActionMask = 2147483647;
			files = (
				52B3C24D1923888500363E60 /* CoreGraphics.framework in Frameworks */,
				52B3C24F1923888500363E60 /* UIKit.framework in Frameworks */,
				52B3C24B1923888500363E60 /* Foundation.framework in Frameworks */,
				B74DDC1992B44B4688CC3016 /* libPods.a in Frameworks */,
			);
			runOnlyForDeploymentPostprocessing = 0;
		};
		52B3C2651923888500363E60 /* Frameworks */ = {
			isa = PBXFrameworksBuildPhase;
			buildActionMask = 2147483647;
			files = (
				52B3C26A1923888500363E60 /* XCTest.framework in Frameworks */,
				52B3C26C1923888500363E60 /* UIKit.framework in Frameworks */,
				52B3C26B1923888500363E60 /* Foundation.framework in Frameworks */,
			);
			runOnlyForDeploymentPostprocessing = 0;
		};
/* End PBXFrameworksBuildPhase section */

/* Begin PBXGroup section */
		52AB4F9B1923E10900753337 /* Feeders */ = {
			isa = PBXGroup;
			children = (
				52D3E574192499020088828F /* SFItunesParser.h */,
				52D3E575192499020088828F /* SFItunesParser.m */,
				52D3E57A1924C3860088828F /* SFNYTimesParser.h */,
				52D3E57B1924C3860088828F /* SFNYTimesParser.m */,
				52D3E57D1924C3AC0088828F /* SFFeedParser.h */,
				52D3E57E1924C3AC0088828F /* SFFeedParser.m */,
				52D3E5801924E5C20088828F /* SFFourSquareVeneuesParser.h */,
				52D3E5811924E5C20088828F /* SFFourSquareVeneuesParser.m */,
			);
			name = Feeders;
			sourceTree = "<group>";
		};
		52AB4FA21923E20000753337 /* Interface Outlet Files */ = {
			isa = PBXGroup;
			children = (
				52B3C25C1923888500363E60 /* Main.storyboard */,
			);
			name = "Interface Outlet Files";
			sourceTree = "<group>";
		};
		52AB4FAA1923F32D00753337 /* Business Handling */ = {
			isa = PBXGroup;
			children = (
				52AB4FA61923E28700753337 /* SFBusinessHandler.h */,
				52AB4FA71923E28700753337 /* SFBusinessHandler.m */,
				52AB4F9C1923E1B400753337 /* SFSyncer.h */,
				52AB4F9D1923E1B400753337 /* SFSyncer.m */,
			);
			name = "Business Handling";
			sourceTree = "<group>";
		};
		52AB4FAB1923F33500753337 /* Constants */ = {
			isa = PBXGroup;
			children = (
				52AB4F9F1923E1E500753337 /* SFNotifications.h */,
				52AB4FA01923E1E500753337 /* SFNotifications.m */,
				52AB4FA91923F18000753337 /* SFConstants.h */,
			);
			name = Constants;
			sourceTree = "<group>";
		};
		52AB4FAC1923F33D00753337 /* Data Models */ = {
			isa = PBXGroup;
			children = (
				52D3E42819242C810088828F /* JSON Helpers */,
				52AB4FA31923E23C00753337 /* SFItem.h */,
				52AB4FA41923E23C00753337 /* SFItem.m */,
				52D3E5831924E6010088828F /* SFFourSquareVenueItem.h */,
				52D3E5841924E6010088828F /* SFFourSquareVenueItem.m */,
			);
			name = "Data Models";
			sourceTree = "<group>";
		};
		52B3C23E1923888500363E60 = {
			isa = PBXGroup;
			children = (
				52B3C2501923888500363E60 /* SocialFeeder */,
				52B3C26F1923888500363E60 /* SocialFeederTests */,
				52B3C2491923888500363E60 /* Frameworks */,
				52B3C2481923888500363E60 /* Products */,
				79737C3E576548028B1C2C97 /* Pods.xcconfig */,
			);
			sourceTree = "<group>";
		};
		52B3C2481923888500363E60 /* Products */ = {
			isa = PBXGroup;
			children = (
				52B3C2471923888500363E60 /* SocialFeeder.app */,
				52B3C2681923888500363E60 /* SocialFeederTests.xctest */,
			);
			name = Products;
			sourceTree = "<group>";
		};
		52B3C2491923888500363E60 /* Frameworks */ = {
			isa = PBXGroup;
			children = (
				52B3C24A1923888500363E60 /* Foundation.framework */,
				52B3C24C1923888500363E60 /* CoreGraphics.framework */,
				52B3C24E1923888500363E60 /* UIKit.framework */,
				52B3C2691923888500363E60 /* XCTest.framework */,
				45489AEEF354448C9D37D2EB /* libPods.a */,
			);
			name = Frameworks;
			sourceTree = "<group>";
		};
		52B3C2501923888500363E60 /* SocialFeeder */ = {
			isa = PBXGroup;
			children = (
				52B3C28119238AA600363E60 /* App Delegate */,
				52B3C28019238A7F00363E60 /* Model  */,
				52B3C27F19238A7D00363E60 /* VCs */,
				52B3C2621923888500363E60 /* Images.xcassets */,
				52B3C2511923888500363E60 /* Supporting Files */,
			);
			path = SocialFeeder;
			sourceTree = "<group>";
		};
		52B3C2511923888500363E60 /* Supporting Files */ = {
			isa = PBXGroup;
			children = (
				52B3C2521923888500363E60 /* SocialFeeder-Info.plist */,
				52B3C2531923888500363E60 /* InfoPlist.strings */,
				52B3C2561923888500363E60 /* main.m */,
				52B3C2581923888500363E60 /* SocialFeeder-Prefix.pch */,
			);
			name = "Supporting Files";
			sourceTree = "<group>";
		};
		52B3C26F1923888500363E60 /* SocialFeederTests */ = {
			isa = PBXGroup;
			children = (
				52B3C2751923888500363E60 /* SocialFeederTests.m */,
				52B3C2701923888500363E60 /* Supporting Files */,
			);
			path = SocialFeederTests;
			sourceTree = "<group>";
		};
		52B3C2701923888500363E60 /* Supporting Files */ = {
			isa = PBXGroup;
			children = (
				52B3C2711923888500363E60 /* SocialFeederTests-Info.plist */,
				52B3C2721923888500363E60 /* InfoPlist.strings */,
			);
			name = "Supporting Files";
			sourceTree = "<group>";
		};
		52B3C27F19238A7D00363E60 /* VCs */ = {
			isa = PBXGroup;
			children = (
				52AB4FA21923E20000753337 /* Interface Outlet Files */,
				52B3C25F1923888500363E60 /* SFViewController.h */,
				52B3C2601923888500363E60 /* SFViewController.m */,
			);
			name = VCs;
			sourceTree = "<group>";
		};
		52B3C28019238A7F00363E60 /* Model  */ = {
			isa = PBXGroup;
			children = (
				52AB4F9B1923E10900753337 /* Feeders */,
				52B3C2821923C40200363E60 /* Shared */,
			);
			name = "Model ";
			sourceTree = "<group>";
		};
		52B3C28119238AA600363E60 /* App Delegate */ = {
			isa = PBXGroup;
			children = (
				52B3C2591923888500363E60 /* SFAppDelegate.h */,
				52B3C25A1923888500363E60 /* SFAppDelegate.m */,
			);
			name = "App Delegate";
			sourceTree = "<group>";
		};
		52B3C2821923C40200363E60 /* Shared */ = {
			isa = PBXGroup;
			children = (
				52AB4FAC1923F33D00753337 /* Data Models */,
				52AB4FAB1923F33500753337 /* Constants */,
				52AB4FAA1923F32D00753337 /* Business Handling */,
			);
			name = Shared;
			sourceTree = "<group>";
		};
		52D3E42819242C810088828F /* JSON Helpers */ = {
			isa = PBXGroup;
			children = (
			);
			name = "JSON Helpers";
			sourceTree = "<group>";
		};
/* End PBXGroup section */

/* Begin PBXNativeTarget section */
		52B3C2461923888500363E60 /* SocialFeeder */ = {
			isa = PBXNativeTarget;
			buildConfigurationList = 52B3C2791923888500363E60 /* Build configuration list for PBXNativeTarget "SocialFeeder" */;
			buildPhases = (
				595575E4EC984F958AB99443 /* Check Pods Manifest.lock */,
				52B3C2431923888500363E60 /* Sources */,
				52B3C2441923888500363E60 /* Frameworks */,
				52B3C2451923888500363E60 /* Resources */,
				39CE21696CA9400FA4565752 /* Copy Pods Resources */,
			);
			buildRules = (
			);
			dependencies = (
			);
			name = SocialFeeder;
			productName = SocialFeeder;
			productReference = 52B3C2471923888500363E60 /* SocialFeeder.app */;
			productType = "com.apple.product-type.application";
		};
		52B3C2671923888500363E60 /* SocialFeederTests */ = {
			isa = PBXNativeTarget;
			buildConfigurationList = 52B3C27C1923888500363E60 /* Build configuration list for PBXNativeTarget "SocialFeederTests" */;
			buildPhases = (
				52B3C2641923888500363E60 /* Sources */,
				52B3C2651923888500363E60 /* Frameworks */,
				52B3C2661923888500363E60 /* Resources */,
			);
			buildRules = (
			);
			dependencies = (
				52B3C26E1923888500363E60 /* PBXTargetDependency */,
			);
			name = SocialFeederTests;
			productName = SocialFeederTests;
			productReference = 52B3C2681923888500363E60 /* SocialFeederTests.xctest */;
			productType = "com.apple.product-type.bundle.unit-test";
		};
/* End PBXNativeTarget section */

/* Begin PBXProject section */
		52B3C23F1923888500363E60 /* Project object */ = {
			isa = PBXProject;
			attributes = {
				CLASSPREFIX = SF;
				LastUpgradeCheck = 0510;
				ORGANIZATIONNAME = Mokhles;
				TargetAttributes = {
					52B3C2671923888500363E60 = {
						TestTargetID = 52B3C2461923888500363E60;
					};
				};
			};
			buildConfigurationList = 52B3C2421923888500363E60 /* Build configuration list for PBXProject "SocialFeeder" */;
			compatibilityVersion = "Xcode 3.2";
			developmentRegion = English;
			hasScannedForEncodings = 0;
			knownRegions = (
				en,
				Base,
			);
			mainGroup = 52B3C23E1923888500363E60;
			productRefGroup = 52B3C2481923888500363E60 /* Products */;
			projectDirPath = "";
			projectRoot = "";
			targets = (
				52B3C2461923888500363E60 /* SocialFeeder */,
				52B3C2671923888500363E60 /* SocialFeederTests */,
			);
		};
/* End PBXProject section */

/* Begin PBXResourcesBuildPhase section */
		52B3C2451923888500363E60 /* Resources */ = {
			isa = PBXResourcesBuildPhase;
			buildActionMask = 2147483647;
			files = (
				52B3C2631923888500363E60 /* Images.xcassets in Resources */,
				52B3C2551923888500363E60 /* InfoPlist.strings in Resources */,
				52B3C25E1923888500363E60 /* Main.storyboard in Resources */,
			);
			runOnlyForDeploymentPostprocessing = 0;
		};
		52B3C2661923888500363E60 /* Resources */ = {
			isa = PBXResourcesBuildPhase;
			buildActionMask = 2147483647;
			files = (
				52B3C2741923888500363E60 /* InfoPlist.strings in Resources */,
			);
			runOnlyForDeploymentPostprocessing = 0;
		};
/* End PBXResourcesBuildPhase section */

/* Begin PBXShellScriptBuildPhase section */
		39CE21696CA9400FA4565752 /* Copy Pods Resources */ = {
			isa = PBXShellScriptBuildPhase;
			buildActionMask = 2147483647;
			files = (
			);
			inputPaths = (
			);
			name = "Copy Pods Resources";
			outputPaths = (
			);
			runOnlyForDeploymentPostprocessing = 0;
			shellPath = /bin/sh;
			shellScript = "\"${SRCROOT}/Pods/Pods-resources.sh\"\n";
			showEnvVarsInLog = 0;
		};
		595575E4EC984F958AB99443 /* Check Pods Manifest.lock */ = {
			isa = PBXShellScriptBuildPhase;
			buildActionMask = 2147483647;
			files = (
			);
			inputPaths = (
			);
			name = "Check Pods Manifest.lock";
			outputPaths = (
			);
			runOnlyForDeploymentPostprocessing = 0;
			shellPath = /bin/sh;
			shellScript = "diff \"${PODS_ROOT}/../Podfile.lock\" \"${PODS_ROOT}/Manifest.lock\" > /dev/null\nif [[ $? != 0 ]] ; then\n    cat << EOM\nerror: The sandbox is not in sync with the Podfile.lock. Run 'pod install' or update your CocoaPods installation.\nEOM\n    exit 1\nfi\n";
			showEnvVarsInLog = 0;
		};
/* End PBXShellScriptBuildPhase section */

/* Begin PBXSourcesBuildPhase section */
		52B3C2431923888500363E60 /* Sources */ = {
			isa = PBXSourcesBuildPhase;
			buildActionMask = 2147483647;
			files = (
				52D3E576192499020088828F /* SFItunesParser.m in Sources */,
				52B3C2571923888500363E60 /* main.m in Sources */,
				52B3C2611923888500363E60 /* SFViewController.m in Sources */,
				52AB4FA81923E28700753337 /* SFBusinessHandler.m in Sources */,
				52AB4F9E1923E1B400753337 /* SFSyncer.m in Sources */,
				52D3E57C1924C3860088828F /* SFNYTimesParser.m in Sources */,
				52AB4FA51923E23C00753337 /* SFItem.m in Sources */,
				52D3E57F1924C3AC0088828F /* SFFeedParser.m in Sources */,
				52B3C25B1923888500363E60 /* SFAppDelegate.m in Sources */,
				52D3E5821924E5C20088828F /* SFFourSquareVeneuesParser.m in Sources */,
				52D3E5851924E6010088828F /* SFFourSquareVenueItem.m in Sources */,
				52AB4FA11923E1E500753337 /* SFNotifications.m in Sources */,
			);
			runOnlyForDeploymentPostprocessing = 0;
		};
		52B3C2641923888500363E60 /* Sources */ = {
			isa = PBXSourcesBuildPhase;
			buildActionMask = 2147483647;
			files = (
				52B3C2761923888500363E60 /* SocialFeederTests.m in Sources */,
			);
			runOnlyForDeploymentPostprocessing = 0;
		};
/* End PBXSourcesBuildPhase section */

/* Begin PBXTargetDependency section */
		52B3C26E1923888500363E60 /* PBXTargetDependency */ = {
			isa = PBXTargetDependency;
			target = 52B3C2461923888500363E60 /* SocialFeeder */;
			targetProxy = 52B3C26D1923888500363E60 /* PBXContainerItemProxy */;
		};
/* End PBXTargetDependency section */

/* Begin PBXVariantGroup section */
		52B3C2531923888500363E60 /* InfoPlist.strings */ = {
			isa = PBXVariantGroup;
			children = (
				52B3C2541923888500363E60 /* en */,
			);
			name = InfoPlist.strings;
			sourceTree = "<group>";
		};
		52B3C25C1923888500363E60 /* Main.storyboard */ = {
			isa = PBXVariantGroup;
			children = (
				52B3C25D1923888500363E60 /* Base */,
			);
			name = Main.storyboard;
			sourceTree = "<group>";
		};
		52B3C2721923888500363E60 /* InfoPlist.strings */ = {
			isa = PBXVariantGroup;
			children = (
				52B3C2731923888500363E60 /* en */,
			);
			name = InfoPlist.strings;
			sourceTree = "<group>";
		};
/* End PBXVariantGroup section */

/* Begin XCBuildConfiguration section */
		52B3C2771923888500363E60 /* Debug */ = {
			isa = XCBuildConfiguration;
			buildSettings = {
				ALWAYS_SEARCH_USER_PATHS = NO;
				CLANG_CXX_LANGUAGE_STANDARD = "gnu++0x";
				CLANG_CXX_LIBRARY = "libc++";
				CLANG_ENABLE_MODULES = YES;
				CLANG_ENABLE_OBJC_ARC = YES;
				CLANG_WARN_BOOL_CONVERSION = YES;
				CLANG_WARN_CONSTANT_CONVERSION = YES;
				CLANG_WARN_DIRECT_OBJC_ISA_USAGE = YES_ERROR;
				CLANG_WARN_EMPTY_BODY = YES;
				CLANG_WARN_ENUM_CONVERSION = YES;
				CLANG_WARN_INT_CONVERSION = YES;
				CLANG_WARN_OBJC_ROOT_CLASS = YES_ERROR;
				CLANG_WARN__DUPLICATE_METHOD_MATCH = YES;
				"CODE_SIGN_IDENTITY[sdk=iphoneos*]" = "iPhone Developer";
				COPY_PHASE_STRIP = NO;
				GCC_C_LANGUAGE_STANDARD = gnu99;
				GCC_DYNAMIC_NO_PIC = NO;
				GCC_OPTIMIZATION_LEVEL = 0;
				GCC_PREPROCESSOR_DEFINITIONS = (
					"DEBUG=1",
					"$(inherited)",
				);
				GCC_SYMBOLS_PRIVATE_EXTERN = NO;
				GCC_WARN_64_TO_32_BIT_CONVERSION = YES;
				GCC_WARN_ABOUT_RETURN_TYPE = YES_ERROR;
				GCC_WARN_UNDECLARED_SELECTOR = YES;
				GCC_WARN_UNINITIALIZED_AUTOS = YES_AGGRESSIVE;
				GCC_WARN_UNUSED_FUNCTION = YES;
				GCC_WARN_UNUSED_VARIABLE = YES;
				IPHONEOS_DEPLOYMENT_TARGET = 7.1;
				ONLY_ACTIVE_ARCH = YES;
				SDKROOT = iphoneos;
			};
			name = Debug;
		};
		52B3C2781923888500363E60 /* Release */ = {
			isa = XCBuildConfiguration;
			buildSettings = {
				ALWAYS_SEARCH_USER_PATHS = NO;
				CLANG_CXX_LANGUAGE_STANDARD = "gnu++0x";
				CLANG_CXX_LIBRARY = "libc++";
				CLANG_ENABLE_MODULES = YES;
				CLANG_ENABLE_OBJC_ARC = YES;
				CLANG_WARN_BOOL_CONVERSION = YES;
				CLANG_WARN_CONSTANT_CONVERSION = YES;
				CLANG_WARN_DIRECT_OBJC_ISA_USAGE = YES_ERROR;
				CLANG_WARN_EMPTY_BODY = YES;
				CLANG_WARN_ENUM_CONVERSION = YES;
				CLANG_WARN_INT_CONVERSION = YES;
				CLANG_WARN_OBJC_ROOT_CLASS = YES_ERROR;
				CLANG_WARN__DUPLICATE_METHOD_MATCH = YES;
				"CODE_SIGN_IDENTITY[sdk=iphoneos*]" = "iPhone Developer";
				COPY_PHASE_STRIP = YES;
				ENABLE_NS_ASSERTIONS = NO;
				GCC_C_LANGUAGE_STANDARD = gnu99;
				GCC_WARN_64_TO_32_BIT_CONVERSION = YES;
				GCC_WARN_ABOUT_RETURN_TYPE = YES_ERROR;
				GCC_WARN_UNDECLARED_SELECTOR = YES;
				GCC_WARN_UNINITIALIZED_AUTOS = YES_AGGRESSIVE;
				GCC_WARN_UNUSED_FUNCTION = YES;
				GCC_WARN_UNUSED_VARIABLE = YES;
				IPHONEOS_DEPLOYMENT_TARGET = 7.1;
				SDKROOT = iphoneos;
				VALIDATE_PRODUCT = YES;
			};
			name = Release;
		};
		52B3C27A1923888500363E60 /* Debug */ = {
			isa = XCBuildConfiguration;
			baseConfigurationReference = 79737C3E576548028B1C2C97 /* Pods.xcconfig */;
			buildSettings = {
				ASSETCATALOG_COMPILER_APPICON_NAME = AppIcon;
				ASSETCATALOG_COMPILER_LAUNCHIMAGE_NAME = LaunchImage;
				GCC_PRECOMPILE_PREFIX_HEADER = YES;
				GCC_PREFIX_HEADER = "SocialFeeder/SocialFeeder-Prefix.pch";
				INFOPLIST_FILE = "SocialFeeder/SocialFeeder-Info.plist";
				PRODUCT_NAME = "$(TARGET_NAME)";
				WRAPPER_EXTENSION = app;
			};
			name = Debug;
		};
		52B3C27B1923888500363E60 /* Release */ = {
			isa = XCBuildConfiguration;
			baseConfigurationReference = 79737C3E576548028B1C2C97 /* Pods.xcconfig */;
			buildSettings = {
				ASSETCATALOG_COMPILER_APPICON_NAME = AppIcon;
				ASSETCATALOG_COMPILER_LAUNCHIMAGE_NAME = LaunchImage;
				GCC_PRECOMPILE_PREFIX_HEADER = YES;
				GCC_PREFIX_HEADER = "SocialFeeder/SocialFeeder-Prefix.pch";
				INFOPLIST_FILE = "SocialFeeder/SocialFeeder-Info.plist";
				PRODUCT_NAME = "$(TARGET_NAME)";
				WRAPPER_EXTENSION = app;
			};
			name = Release;
		};
		52B3C27D1923888500363E60 /* Debug */ = {
			isa = XCBuildConfiguration;
			buildSettings = {
				BUNDLE_LOADER = "$(BUILT_PRODUCTS_DIR)/SocialFeeder.app/SocialFeeder";
				FRAMEWORK_SEARCH_PATHS = (
					"$(SDKROOT)/Developer/Library/Frameworks",
					"$(inherited)",
					"$(DEVELOPER_FRAMEWORKS_DIR)",
				);
				GCC_PRECOMPILE_PREFIX_HEADER = YES;
				GCC_PREFIX_HEADER = "SocialFeeder/SocialFeeder-Prefix.pch";
				GCC_PREPROCESSOR_DEFINITIONS = (
					"DEBUG=1",
					"$(inherited)",
				);
				INFOPLIST_FILE = "SocialFeederTests/SocialFeederTests-Info.plist";
				PRODUCT_NAME = "$(TARGET_NAME)";
				TEST_HOST = "$(BUNDLE_LOADER)";
				WRAPPER_EXTENSION = xctest;
			};
			name = Debug;
		};
		52B3C27E1923888500363E60 /* Release */ = {
			isa = XCBuildConfiguration;
			buildSettings = {
				BUNDLE_LOADER = "$(BUILT_PRODUCTS_DIR)/SocialFeeder.app/SocialFeeder";
				FRAMEWORK_SEARCH_PATHS = (
					"$(SDKROOT)/Developer/Library/Frameworks",
					"$(inherited)",
					"$(DEVELOPER_FRAMEWORKS_DIR)",
				);
				GCC_PRECOMPILE_PREFIX_HEADER = YES;
				GCC_PREFIX_HEADER = "SocialFeeder/SocialFeeder-Prefix.pch";
				INFOPLIST_FILE = "SocialFeederTests/SocialFeederTests-Info.plist";
				PRODUCT_NAME = "$(TARGET_NAME)";
				TEST_HOST = "$(BUNDLE_LOADER)";
				WRAPPER_EXTENSION = xctest;
			};
			name = Release;
		};
/* End XCBuildConfiguration section */

/* Begin XCConfigurationList section */
		52B3C2421923888500363E60 /* Build configuration list for PBXProject "SocialFeeder" */ = {
			isa = XCConfigurationList;
			buildConfigurations = (
				52B3C2771923888500363E60 /* Debug */,
				52B3C2781923888500363E60 /* Release */,
			);
			defaultConfigurationIsVisible = 0;
			defaultConfigurationName = Release;
		};
		52B3C2791923888500363E60 /* Build configuration list for PBXNativeTarget "SocialFeeder" */ = {
			isa = XCConfigurationList;
			buildConfigurations = (
				52B3C27A1923888500363E60 /* Debug */,
				52B3C27B1923888500363E60 /* Release */,
			);
			defaultConfigurationIsVisible = 0;
			defaultConfigurationName = Release;
		};
		52B3C27C1923888500363E60 /* Build configuration list for PBXNativeTarget "SocialFeederTests" */ = {
			isa = XCConfigurationList;
			buildConfigurations = (
				52B3C27D1923888500363E60 /* Debug */,
				52B3C27E1923888500363E60 /* Release */,
			);
			defaultConfigurationIsVisible = 0;
			defaultConfigurationName = Release;
		};
/* End XCConfigurationList section */
	};
	rootObject = 52B3C23F1923888500363E60 /* Project object */;
}
